--- 
dependencies: 
  ruby-debug: 
    group: 
    - :development
    version: ">= 0"
  compass: 
    group: 
    - :default
    version: = 0.8.17
  matasano_utils: 
    group: 
    - :default
    version: = 0.1
  haml: 
    group: 
    - :default
    version: = 2.2.20
  rspec: 
    group: 
    - :development
    version: ">= 0"
  rack: 
    group: 
    - :default
    version: = 1.1.0
  sinatra: 
    group: 
    - :default
    version: = 0.9.4
  bcrypt-ruby: 
    group: 
    - :default
    version: = 2.1.2
  Ralex: 
    group: 
    - :default
    version: = 0.1
  racc: 
    group: 
    - :development
    version: ">= 0"
  rdiscount: 
    group: 
    - :default
    version: = 1.5.8
  ohm: 
    group: 
    - :default
    version: = 0.0.32
  rdoc: 
    group: 
    - :development
    version: ">= 0"
specs: 
- compass: 
    version: 0.8.17
- ruby-debug: 
    version: 0.10.3
- columnize: 
    version: 0.3.1
- matasano_utils: 
    version: "0.1"
- haml: 
    version: 2.2.20
- rspec: 
    version: 1.3.0
- rack: 
    version: 1.1.0
- sinatra: 
    version: 0.9.4
- linecache: 
    version: "0.43"
- bcrypt-ruby: 
    version: 2.1.2
- Ralex: 
    version: "0.1"
- rdiscount: 
    version: 1.5.8
- racc: 
    version: 1.4.6
- ohm: 
    version: 0.0.32
- ruby-debug-base: 
    version: 0.10.3
- rdoc: 
    version: 2.4.3
hash: 9d89babfa75a8261585704b080a24a00c98b7905
sources: 
- Rubygems: 
    uri: http://gemcutter.org
- Rubygems: 
    uri: http://gems.github.com
